
Microsoft Visual Studio Solution File, Format Version 12.00
# Visual Studio Version 17
VisualStudioVersion = 17.10.35013.160
MinimumVisualStudioVersion = 10.0.40219.1
Project("{FAE04EC0-301F-11D3-BF4B-00C04F79EFBC}") = "8(Задачи", "8(Задачи\8(Задачи.csproj", "{6CCCDAA2-B2AB-4777-995E-0101DD842B9A}"
EndProject
Global
	GlobalSection(SolutionConfigurationPlatforms) = preSolution
		Debug|Any CPU = Debug|Any CPU
		Release|Any CPU = Release|Any CPU
	EndGlobalSection
	GlobalSection(ProjectConfigurationPlatforms) = postSolution
		{6CCCDAA2-B2AB-4777-995E-0101DD842B9A}.Debug|Any CPU.ActiveCfg = Debug|Any CPU
		{6CCCDAA2-B2AB-4777-995E-0101DD842B9A}.Debug|Any CPU.Build.0 = Debug|Any CPU
		{6CCCDAA2-B2AB-4777-995E-0101DD842B9A}.Release|Any CPU.ActiveCfg = Release|Any CPU
		{6CCCDAA2-B2AB-4777-995E-0101DD842B9A}.Release|Any CPU.Build.0 = Release|Any CPU
	EndGlobalSection
	GlobalSection(SolutionProperties) = preSolution
		HideSolutionNode = FALSE
	EndGlobalSection
	GlobalSection(ExtensibilityGlobals) = postSolution
		SolutionGuid = {BE9CDF80-399F-431C-B251-AA110E1D81C5}
	EndGlobalSection
EndGlobal
